PODS:
  - AASegmentedControl (1.0)

DEPENDENCIES:
  - AASegmentedControl (from `../`)

EXTERNAL SOURCES:
  AASegmentedControl:
    :path: "../"

SPEC CHECKSUMS:
  AASegmentedControl: 30b900c470d106eb9f0f1901f9f380b2c76adba0

PODFILE CHECKSUM: 85f1b65f9a11c7a342eb12e3a9d35d23a5a800d9

COCOAPODS: 1.5.3
